
Microsoft Visual Studio Solution File, Format Version 12.00
# Visual Studio Version 17
VisualStudioVersion = 17.5.33516.290
MinimumVisualStudioVersion = 10.0.40219.1
Project("{9092AA53-FB77-4645-B42D-1CCCA6BD08BD}") = "FindMore", "FindMore.njsproj", "{B3D86224-5A72-4BD0-AABC-762A6541AEC5}"
EndProject
Global
	GlobalSection(SolutionConfigurationPlatforms) = preSolution
		Debug|Any CPU = Debug|Any CPU
		Release|Any CPU = Release|Any CPU
	EndGlobalSection
	GlobalSection(ProjectConfigurationPlatforms) = postSolution
		{B3D86224-5A72-4BD0-AABC-762A6541AEC5}.Debug|Any CPU.ActiveCfg = Debug|Any CPU
		{B3D86224-5A72-4BD0-AABC-762A6541AEC5}.Debug|Any CPU.Build.0 = Debug|Any CPU
		{B3D86224-5A72-4BD0-AABC-762A6541AEC5}.Release|Any CPU.ActiveCfg = Release|Any CPU
		{B3D86224-5A72-4BD0-AABC-762A6541AEC5}.Release|Any CPU.Build.0 = Release|Any CPU
	EndGlobalSection
	GlobalSection(SolutionProperties) = preSolution
		HideSolutionNode = FALSE
	EndGlobalSection
	GlobalSection(ExtensibilityGlobals) = postSolution
		SolutionGuid = {00CCE12C-9F79-4E94-B540-5C9D9D3F048D}
	EndGlobalSection
EndGlobal
